
Microsoft Visual Studio Solution File, Format Version 12.00
# Visual Studio Version 16
VisualStudioVersion = 16.0.30011.22
MinimumVisualStudioVersion = 10.0.40219.1
Project("{FAE04EC0-301F-11D3-BF4B-00C04F79EFBC}") = "Snake", "Snake\Snake.csproj", "{82E09329-1DFB-4963-B582-1D0BB55A2FB1}"
EndProject
Global
	GlobalSection(SolutionConfigurationPlatforms) = preSolution
		Debug|Any CPU = Debug|Any CPU
		Release|Any CPU = Release|Any CPU
	EndGlobalSection
	GlobalSection(ProjectConfigurationPlatforms) = postSolution
		{82E09329-1DFB-4963-B582-1D0BB55A2FB1}.Debug|Any CPU.ActiveCfg = Debug|Any CPU
		{82E09329-1DFB-4963-B582-1D0BB55A2FB1}.Debug|Any CPU.Build.0 = Debug|Any CPU
		{82E09329-1DFB-4963-B582-1D0BB55A2FB1}.Release|Any CPU.ActiveCfg = Release|Any CPU
		{82E09329-1DFB-4963-B582-1D0BB55A2FB1}.Release|Any CPU.Build.0 = Release|Any CPU
	EndGlobalSection
	GlobalSection(SolutionProperties) = preSolution
		HideSolutionNode = FALSE
	EndGlobalSection
	GlobalSection(ExtensibilityGlobals) = postSolution
		SolutionGuid = {8BD3AAB2-4EBB-4BB8-92B6-BCCFCC2E8976}
	EndGlobalSection
EndGlobal
